
Microsoft Visual Studio Solution File, Format Version 12.00
# Visual Studio 15
VisualStudioVersion = 15.0.26730.16
MinimumVisualStudioVersion = 10.0.40219.1
Project("{FAE04EC0-301F-11D3-BF4B-00C04F79EFBC}") = "PassRegistration2", "PassRegistration2\PassRegistration2.csproj", "{649F028A-2C99-4FB0-BDAD-B9B838882FA0}"
EndProject
Global
	GlobalSection(SolutionConfigurationPlatforms) = preSolution
		Debug|Any CPU = Debug|Any CPU
		Release|Any CPU = Release|Any CPU
	EndGlobalSection
	GlobalSection(ProjectConfigurationPlatforms) = postSolution
		{649F028A-2C99-4FB0-BDAD-B9B838882FA0}.Debug|Any CPU.ActiveCfg = Debug|Any CPU
		{649F028A-2C99-4FB0-BDAD-B9B838882FA0}.Debug|Any CPU.Build.0 = Debug|Any CPU
		{649F028A-2C99-4FB0-BDAD-B9B838882FA0}.Release|Any CPU.ActiveCfg = Release|Any CPU
		{649F028A-2C99-4FB0-BDAD-B9B838882FA0}.Release|Any CPU.Build.0 = Release|Any CPU
	EndGlobalSection
	GlobalSection(SolutionProperties) = preSolution
		HideSolutionNode = FALSE
	EndGlobalSection
	GlobalSection(ExtensibilityGlobals) = postSolution
		SolutionGuid = {182D0DD8-91C3-4869-A136-D185BBA7D1F4}
	EndGlobalSection
EndGlobal
